
Microsoft Visual Studio Solution File, Format Version 12.00
# Visual Studio Version 17
VisualStudioVersion = 17.10.34928.147
MinimumVisualStudioVersion = 10.0.40219.1
Project("{FAE04EC0-301F-11D3-BF4B-00C04F79EFBC}") = "ReactApp1.Server", "ReactApp1.Server\ReactApp1.Server.csproj", "{9C2A332F-38B3-4D36-9A62-51CEFF4F4C0C}"
EndProject
Project("{54A90642-561A-4BB1-A94E-469ADEE60C69}") = "reactapp1.client", "reactapp1.client\reactapp1.client.esproj", "{9FF74D95-16A4-4E0B-A4F4-5262984B8736}"
EndProject
Global
	GlobalSection(SolutionConfigurationPlatforms) = preSolution
		Debug|Any CPU = Debug|Any CPU
		Release|Any CPU = Release|Any CPU
	EndGlobalSection
	GlobalSection(ProjectConfigurationPlatforms) = postSolution
		{9C2A332F-38B3-4D36-9A62-51CEFF4F4C0C}.Debug|Any CPU.ActiveCfg = Debug|Any CPU
		{9C2A332F-38B3-4D36-9A62-51CEFF4F4C0C}.Debug|Any CPU.Build.0 = Debug|Any CPU
		{9C2A332F-38B3-4D36-9A62-51CEFF4F4C0C}.Release|Any CPU.ActiveCfg = Release|Any CPU
		{9C2A332F-38B3-4D36-9A62-51CEFF4F4C0C}.Release|Any CPU.Build.0 = Release|Any CPU
		{9FF74D95-16A4-4E0B-A4F4-5262984B8736}.Debug|Any CPU.ActiveCfg = Debug|Any CPU
		{9FF74D95-16A4-4E0B-A4F4-5262984B8736}.Debug|Any CPU.Build.0 = Debug|Any CPU
		{9FF74D95-16A4-4E0B-A4F4-5262984B8736}.Debug|Any CPU.Deploy.0 = Debug|Any CPU
		{9FF74D95-16A4-4E0B-A4F4-5262984B8736}.Release|Any CPU.ActiveCfg = Release|Any CPU
		{9FF74D95-16A4-4E0B-A4F4-5262984B8736}.Release|Any CPU.Build.0 = Release|Any CPU
		{9FF74D95-16A4-4E0B-A4F4-5262984B8736}.Release|Any CPU.Deploy.0 = Release|Any CPU
	EndGlobalSection
	GlobalSection(SolutionProperties) = preSolution
		HideSolutionNode = FALSE
	EndGlobalSection
	GlobalSection(ExtensibilityGlobals) = postSolution
		SolutionGuid = {95CE254E-D65B-4E1B-B472-923DFA2C54F2}
	EndGlobalSection
EndGlobal
